
Microsoft Visual Studio Solution File, Format Version 12.00
# Visual Studio Version 17
VisualStudioVersion = 17.14.36429.23
MinimumVisualStudioVersion = 10.0.40219.1
Project("{2150E333-8FDC-42A3-9474-1A3956D46DE8}") = "Task0", "Task0", "{02EA681E-C7D8-13C7-8484-4AC65E1B71E8}"
EndProject
Project("{FAE04EC0-301F-11D3-BF4B-00C04F79EFBC}") = "Tyuiu.ReutovZA.Sprint3.Task0.V22.Test", "Tyuiu.ReutovZA.Sprint3.Task0.V22.Test\Tyuiu.ReutovZA.Sprint3.Task0.V22.Test.csproj", "{2900F9CC-609C-4858-8F13-211AF1B005E6}"
EndProject
Project("{FAE04EC0-301F-11D3-BF4B-00C04F79EFBC}") = "Tyuiu.ReutovZA.Sprint3.Task0.V22.Lib", "Tyuiu.ReutovZA.Sprint3.Task0.V22.Lib\Tyuiu.ReutovZA.Sprint3.Task0.V22.Lib.csproj", "{81063567-CD91-42AE-A588-8BA819BD12A3}"
EndProject
Project("{FAE04EC0-301F-11D3-BF4B-00C04F79EFBC}") = "Tyuiu.ReutovZA.Sprint3.Task0.V22", "Tyuiu.ReutovZA.Sprint3.Task0.V22\Tyuiu.ReutovZA.Sprint3.Task0.V22.csproj", "{51367C91-B586-4F45-BC8A-85CCFE835859}"
EndProject
Project("{2150E333-8FDC-42A3-9474-1A3956D46DE8}") = "Task1", "Task1", "{7487EDC6-BD67-4FA9-A250-10FD7AB25F91}"
EndProject
Project("{FAE04EC0-301F-11D3-BF4B-00C04F79EFBC}") = "Tyuiu.ReutovZA.Sprint3.Task1.V14", "Tyuiu.ReutovZA.Sprint3.Task1.V14\Tyuiu.ReutovZA.Sprint3.Task1.V14.csproj", "{0812552C-7FFC-4AE2-84BD-AE2A6888E3FA}"
EndProject
Project("{FAE04EC0-301F-11D3-BF4B-00C04F79EFBC}") = "Tyuiu.ReutovZA.Sprint3.Task1.V14.Lib", "Tyuiu.ReutovZA.Sprint3.Task1.V14.Lib\Tyuiu.ReutovZA.Sprint3.Task1.V14.Lib.csproj", "{7B57CED4-2713-4FFC-B6DC-C8D7455921BE}"
EndProject
Project("{FAE04EC0-301F-11D3-BF4B-00C04F79EFBC}") = "Tyuiu.ReutovZA.Sprint3.Task1.V14.Test", "Tyuiu.ReutovZA.Sprint3.Task1.V14.Test\Tyuiu.ReutovZA.Sprint3.Task1.V14.Test.csproj", "{B8E2779A-2875-4E3E-9ABE-F47002032D77}"
EndProject
Global
	GlobalSection(SolutionConfigurationPlatforms) = preSolution
		Debug|Any CPU = Debug|Any CPU
		Release|Any CPU = Release|Any CPU
	EndGlobalSection
	GlobalSection(ProjectConfigurationPlatforms) = postSolution
		{2900F9CC-609C-4858-8F13-211AF1B005E6}.Debug|Any CPU.ActiveCfg = Debug|Any CPU
		{2900F9CC-609C-4858-8F13-211AF1B005E6}.Debug|Any CPU.Build.0 = Debug|Any CPU
		{2900F9CC-609C-4858-8F13-211AF1B005E6}.Release|Any CPU.ActiveCfg = Release|Any CPU
		{2900F9CC-609C-4858-8F13-211AF1B005E6}.Release|Any CPU.Build.0 = Release|Any CPU
		{81063567-CD91-42AE-A588-8BA819BD12A3}.Debug|Any CPU.ActiveCfg = Debug|Any CPU
		{81063567-CD91-42AE-A588-8BA819BD12A3}.Debug|Any CPU.Build.0 = Debug|Any CPU
		{81063567-CD91-42AE-A588-8BA819BD12A3}.Release|Any CPU.ActiveCfg = Release|Any CPU
		{81063567-CD91-42AE-A588-8BA819BD12A3}.Release|Any CPU.Build.0 = Release|Any CPU
		{51367C91-B586-4F45-BC8A-85CCFE835859}.Debug|Any CPU.ActiveCfg = Debug|Any CPU
		{51367C91-B586-4F45-BC8A-85CCFE835859}.Debug|Any CPU.Build.0 = Debug|Any CPU
		{51367C91-B586-4F45-BC8A-85CCFE835859}.Release|Any CPU.ActiveCfg = Release|Any CPU
		{51367C91-B586-4F45-BC8A-85CCFE835859}.Release|Any CPU.Build.0 = Release|Any CPU
		{0812552C-7FFC-4AE2-84BD-AE2A6888E3FA}.Debug|Any CPU.ActiveCfg = Debug|Any CPU
		{0812552C-7FFC-4AE2-84BD-AE2A6888E3FA}.Debug|Any CPU.Build.0 = Debug|Any CPU
		{0812552C-7FFC-4AE2-84BD-AE2A6888E3FA}.Release|Any CPU.ActiveCfg = Release|Any CPU
		{0812552C-7FFC-4AE2-84BD-AE2A6888E3FA}.Release|Any CPU.Build.0 = Release|Any CPU
		{7B57CED4-2713-4FFC-B6DC-C8D7455921BE}.Debug|Any CPU.ActiveCfg = Debug|Any CPU
		{7B57CED4-2713-4FFC-B6DC-C8D7455921BE}.Debug|Any CPU.Build.0 = Debug|Any CPU
		{7B57CED4-2713-4FFC-B6DC-C8D7455921BE}.Release|Any CPU.ActiveCfg = Release|Any CPU
		{7B57CED4-2713-4FFC-B6DC-C8D7455921BE}.Release|Any CPU.Build.0 = Release|Any CPU
		{B8E2779A-2875-4E3E-9ABE-F47002032D77}.Debug|Any CPU.ActiveCfg = Debug|Any CPU
		{B8E2779A-2875-4E3E-9ABE-F47002032D77}.Debug|Any CPU.Build.0 = Debug|Any CPU
		{B8E2779A-2875-4E3E-9ABE-F47002032D77}.Release|Any CPU.ActiveCfg = Release|Any CPU
		{B8E2779A-2875-4E3E-9ABE-F47002032D77}.Release|Any CPU.Build.0 = Release|Any CPU
	EndGlobalSection
	GlobalSection(SolutionProperties) = preSolution
		HideSolutionNode = FALSE
	EndGlobalSection
	GlobalSection(NestedProjects) = preSolution
		{2900F9CC-609C-4858-8F13-211AF1B005E6} = {02EA681E-C7D8-13C7-8484-4AC65E1B71E8}
		{81063567-CD91-42AE-A588-8BA819BD12A3} = {02EA681E-C7D8-13C7-8484-4AC65E1B71E8}
		{51367C91-B586-4F45-BC8A-85CCFE835859} = {02EA681E-C7D8-13C7-8484-4AC65E1B71E8}
		{0812552C-7FFC-4AE2-84BD-AE2A6888E3FA} = {7487EDC6-BD67-4FA9-A250-10FD7AB25F91}
		{7B57CED4-2713-4FFC-B6DC-C8D7455921BE} = {7487EDC6-BD67-4FA9-A250-10FD7AB25F91}
		{B8E2779A-2875-4E3E-9ABE-F47002032D77} = {7487EDC6-BD67-4FA9-A250-10FD7AB25F91}
	EndGlobalSection
	GlobalSection(ExtensibilityGlobals) = postSolution
		SolutionGuid = {6F48659D-066D-4FBE-B796-13AAB86A80B6}
	EndGlobalSection
EndGlobal
